
Microsoft Visual Studio Solution File, Format Version 12.00
# Visual Studio 15
VisualStudioVersion = 15.0.28010.2048
MinimumVisualStudioVersion = 10.0.40219.1
Project("{9A19103F-16F7-4668-BE54-9A1E7A4F7556}") = "Stock.Domain", "Stock.Domain\Stock.Domain.csproj", "{2CA75ACD-6D48-4058-BE84-209EA82BB09C}"
EndProject
Project("{9A19103F-16F7-4668-BE54-9A1E7A4F7556}") = "Stock.EntityFramework", "Stock.EntityFramework\Stock.EntityFramework.csproj", "{F2E8C0F1-36D6-4DCA-8531-29059B979C7D}"
EndProject
Project("{9A19103F-16F7-4668-BE54-9A1E7A4F7556}") = "Stock.EntityFramework.SqlServer", "Stock.EntityFramework.SqlServer\Stock.EntityFramework.SqlServer.csproj", "{B7B22E25-0761-4C35-93A2-E36C3D6A6528}"
EndProject
Project("{2150E333-8FDC-42A3-9474-1A3956D46DE8}") = "Stock", "Stock", "{F5EC4C8B-19DC-4F1E-8E91-2AC03BF8B024}"
EndProject
Project("{2150E333-8FDC-42A3-9474-1A3956D46DE8}") = "Ordering", "Ordering", "{E77EB9A7-EECC-423C-B7D6-A806D8A20FBE}"
EndProject
Project("{9A19103F-16F7-4668-BE54-9A1E7A4F7556}") = "Ordering.Domain", "Order.Domain\Ordering.Domain.csproj", "{50BA7267-BE25-4E14-9F23-9179D1409C2A}"
EndProject
Project("{9A19103F-16F7-4668-BE54-9A1E7A4F7556}") = "Ordering.EntityFramework", "Order.EntityFramework\Ordering.EntityFramework.csproj", "{D8E8EA2A-351F-4688-A8D6-F317739FB726}"
EndProject
Project("{9A19103F-16F7-4668-BE54-9A1E7A4F7556}") = "Ordering.EntityFramework.SqlServer", "Order.EntityFramework.SqlServer\Ordering.EntityFramework.SqlServer.csproj", "{38145ADB-6189-4A8D-B78D-2766BE87F826}"
EndProject
Project("{9A19103F-16F7-4668-BE54-9A1E7A4F7556}") = "Stock.Messaging", "Stock.Messaging\Stock.Messaging.csproj", "{5D760EF3-9120-41E3-A7FC-0F8899C2B922}"
EndProject
Project("{2150E333-8FDC-42A3-9474-1A3956D46DE8}") = "Payment", "Payment", "{11591DD6-C809-4790-B927-724512C10DDE}"
EndProject
Project("{9A19103F-16F7-4668-BE54-9A1E7A4F7556}") = "Payment.Domain", "Payment.Domain\Payment.Domain.csproj", "{CA1EC6F7-EB87-4FC4-B86C-72DF6FF6887E}"
EndProject
Project("{9A19103F-16F7-4668-BE54-9A1E7A4F7556}") = "Payment.EntityFramework", "Payment.EntityFramework\Payment.EntityFramework.csproj", "{FBC30FF4-C9C3-4E43-A4D0-C8A5251E90F3}"
EndProject
Project("{9A19103F-16F7-4668-BE54-9A1E7A4F7556}") = "Payment.EntityFramework.SqlServer", "Payment.EntityFramework.SqlServer\Payment.EntityFramework.SqlServer.csproj", "{A1F19630-15F0-4AFA-A7D8-1E93D63F3F73}"
EndProject
Project("{9A19103F-16F7-4668-BE54-9A1E7A4F7556}") = "Payment.Messaging", "Payment.Messaging\Payment.Messaging.csproj", "{8473E6D6-0467-4783-98D9-EA9FBD6A073D}"
EndProject
Project("{2150E333-8FDC-42A3-9474-1A3956D46DE8}") = "Delivery", "Delivery", "{DF9D8089-2459-4CC8-B560-92990F3D7617}"
EndProject
Project("{9A19103F-16F7-4668-BE54-9A1E7A4F7556}") = "Delivery.Domain", "Delivery.Domain\Delivery.Domain.csproj", "{718698E4-CA4A-4687-9D81-D9B8B58C612F}"
EndProject
Project("{9A19103F-16F7-4668-BE54-9A1E7A4F7556}") = "Delivery.EntityFramework", "Delivery.EntityFramework\Delivery.EntityFramework.csproj", "{7640CAEE-0574-484B-8B29-61FA3C6A7AA2}"
EndProject
Project("{9A19103F-16F7-4668-BE54-9A1E7A4F7556}") = "Delivery.EntityFramework.SqlServer", "Delivery.EntityFramework.SqlServer\Delivery.EntityFramework.SqlServer.csproj", "{03817DAA-3A3E-490F-B140-0CE1BA438ADA}"
EndProject
Project("{9A19103F-16F7-4668-BE54-9A1E7A4F7556}") = "Delivery.Messaging", "Delivery.Messaging\Delivery.Messaging.csproj", "{9E840B6F-7F3E-40E5-AA03-25516861C222}"
EndProject
Project("{2150E333-8FDC-42A3-9474-1A3956D46DE8}") = "Shared", "Shared", "{15448B28-870D-4B42-B726-86F4CD54CE3A}"
EndProject
Project("{9A19103F-16F7-4668-BE54-9A1E7A4F7556}") = "SharedKernel", "SharedKernel\SharedKernel.csproj", "{904433C8-ECF7-44AD-8965-5E31E3090371}"
EndProject
Project("{FAE04EC0-301F-11D3-BF4B-00C04F79EFBC}") = "Ordering.Messaging", "Ordering.Messaging\Ordering.Messaging.csproj", "{932B7A4C-0BE0-4351-BEC7-A3B79412C5F0}"
EndProject
Project("{FAE04EC0-301F-11D3-BF4B-00C04F79EFBC}") = "Stock.WebApi", "Stock.WebApi\Stock.WebApi.csproj", "{6730997D-2729-47BC-A29A-D52D11B0FFBB}"
EndProject
Project("{2150E333-8FDC-42A3-9474-1A3956D46DE8}") = "01 -Solution Items", "01 -Solution Items", "{75307BF6-ADC7-402D-B463-28D3D65DD64B}"
	ProjectSection(SolutionItems) = preProject
		.editorconfig = .editorconfig
	EndProjectSection
EndProject
Global
	GlobalSection(SolutionConfigurationPlatforms) = preSolution
		Debug|Any CPU = Debug|Any CPU
		Release|Any CPU = Release|Any CPU
	EndGlobalSection
	GlobalSection(ProjectConfigurationPlatforms) = postSolution
		{2CA75ACD-6D48-4058-BE84-209EA82BB09C}.Debug|Any CPU.ActiveCfg = Debug|Any CPU
		{2CA75ACD-6D48-4058-BE84-209EA82BB09C}.Debug|Any CPU.Build.0 = Debug|Any CPU
		{2CA75ACD-6D48-4058-BE84-209EA82BB09C}.Release|Any CPU.ActiveCfg = Release|Any CPU
		{2CA75ACD-6D48-4058-BE84-209EA82BB09C}.Release|Any CPU.Build.0 = Release|Any CPU
		{F2E8C0F1-36D6-4DCA-8531-29059B979C7D}.Debug|Any CPU.ActiveCfg = Debug|Any CPU
		{F2E8C0F1-36D6-4DCA-8531-29059B979C7D}.Debug|Any CPU.Build.0 = Debug|Any CPU
		{F2E8C0F1-36D6-4DCA-8531-29059B979C7D}.Release|Any CPU.ActiveCfg = Release|Any CPU
		{F2E8C0F1-36D6-4DCA-8531-29059B979C7D}.Release|Any CPU.Build.0 = Release|Any CPU
		{B7B22E25-0761-4C35-93A2-E36C3D6A6528}.Debug|Any CPU.ActiveCfg = Debug|Any CPU
		{B7B22E25-0761-4C35-93A2-E36C3D6A6528}.Debug|Any CPU.Build.0 = Debug|Any CPU
		{B7B22E25-0761-4C35-93A2-E36C3D6A6528}.Release|Any CPU.ActiveCfg = Release|Any CPU
		{B7B22E25-0761-4C35-93A2-E36C3D6A6528}.Release|Any CPU.Build.0 = Release|Any CPU
		{50BA7267-BE25-4E14-9F23-9179D1409C2A}.Debug|Any CPU.ActiveCfg = Debug|Any CPU
		{50BA7267-BE25-4E14-9F23-9179D1409C2A}.Debug|Any CPU.Build.0 = Debug|Any CPU
		{50BA7267-BE25-4E14-9F23-9179D1409C2A}.Release|Any CPU.ActiveCfg = Release|Any CPU
		{50BA7267-BE25-4E14-9F23-9179D1409C2A}.Release|Any CPU.Build.0 = Release|Any CPU
		{D8E8EA2A-351F-4688-A8D6-F317739FB726}.Debug|Any CPU.ActiveCfg = Debug|Any CPU
		{D8E8EA2A-351F-4688-A8D6-F317739FB726}.Debug|Any CPU.Build.0 = Debug|Any CPU
		{D8E8EA2A-351F-4688-A8D6-F317739FB726}.Release|Any CPU.ActiveCfg = Release|Any CPU
		{D8E8EA2A-351F-4688-A8D6-F317739FB726}.Release|Any CPU.Build.0 = Release|Any CPU
		{38145ADB-6189-4A8D-B78D-2766BE87F826}.Debug|Any CPU.ActiveCfg = Debug|Any CPU
		{38145ADB-6189-4A8D-B78D-2766BE87F826}.Debug|Any CPU.Build.0 = Debug|Any CPU
		{38145ADB-6189-4A8D-B78D-2766BE87F826}.Release|Any CPU.ActiveCfg = Release|Any CPU
		{38145ADB-6189-4A8D-B78D-2766BE87F826}.Release|Any CPU.Build.0 = Release|Any CPU
		{5D760EF3-9120-41E3-A7FC-0F8899C2B922}.Debug|Any CPU.ActiveCfg = Debug|Any CPU
		{5D760EF3-9120-41E3-A7FC-0F8899C2B922}.Debug|Any CPU.Build.0 = Debug|Any CPU
		{5D760EF3-9120-41E3-A7FC-0F8899C2B922}.Release|Any CPU.ActiveCfg = Release|Any CPU
		{5D760EF3-9120-41E3-A7FC-0F8899C2B922}.Release|Any CPU.Build.0 = Release|Any CPU
		{CA1EC6F7-EB87-4FC4-B86C-72DF6FF6887E}.Debug|Any CPU.ActiveCfg = Debug|Any CPU
		{CA1EC6F7-EB87-4FC4-B86C-72DF6FF6887E}.Debug|Any CPU.Build.0 = Debug|Any CPU
		{CA1EC6F7-EB87-4FC4-B86C-72DF6FF6887E}.Release|Any CPU.ActiveCfg = Release|Any CPU
		{CA1EC6F7-EB87-4FC4-B86C-72DF6FF6887E}.Release|Any CPU.Build.0 = Release|Any CPU
		{FBC30FF4-C9C3-4E43-A4D0-C8A5251E90F3}.Debug|Any CPU.ActiveCfg = Debug|Any CPU
		{FBC30FF4-C9C3-4E43-A4D0-C8A5251E90F3}.Debug|Any CPU.Build.0 = Debug|Any CPU
		{FBC30FF4-C9C3-4E43-A4D0-C8A5251E90F3}.Release|Any CPU.ActiveCfg = Release|Any CPU
		{FBC30FF4-C9C3-4E43-A4D0-C8A5251E90F3}.Release|Any CPU.Build.0 = Release|Any CPU
		{A1F19630-15F0-4AFA-A7D8-1E93D63F3F73}.Debug|Any CPU.ActiveCfg = Debug|Any CPU
		{A1F19630-15F0-4AFA-A7D8-1E93D63F3F73}.Debug|Any CPU.Build.0 = Debug|Any CPU
		{A1F19630-15F0-4AFA-A7D8-1E93D63F3F73}.Release|Any CPU.ActiveCfg = Release|Any CPU
		{A1F19630-15F0-4AFA-A7D8-1E93D63F3F73}.Release|Any CPU.Build.0 = Release|Any CPU
		{8473E6D6-0467-4783-98D9-EA9FBD6A073D}.Debug|Any CPU.ActiveCfg = Debug|Any CPU
		{8473E6D6-0467-4783-98D9-EA9FBD6A073D}.Debug|Any CPU.Build.0 = Debug|Any CPU
		{8473E6D6-0467-4783-98D9-EA9FBD6A073D}.Release|Any CPU.ActiveCfg = Release|Any CPU
		{8473E6D6-0467-4783-98D9-EA9FBD6A073D}.Release|Any CPU.Build.0 = Release|Any CPU
		{718698E4-CA4A-4687-9D81-D9B8B58C612F}.Debug|Any CPU.ActiveCfg = Debug|Any CPU
		{718698E4-CA4A-4687-9D81-D9B8B58C612F}.Debug|Any CPU.Build.0 = Debug|Any CPU
		{718698E4-CA4A-4687-9D81-D9B8B58C612F}.Release|Any CPU.ActiveCfg = Release|Any CPU
		{718698E4-CA4A-4687-9D81-D9B8B58C612F}.Release|Any CPU.Build.0 = Release|Any CPU
		{7640CAEE-0574-484B-8B29-61FA3C6A7AA2}.Debug|Any CPU.ActiveCfg = Debug|Any CPU
		{7640CAEE-0574-484B-8B29-61FA3C6A7AA2}.Debug|Any CPU.Build.0 = Debug|Any CPU
		{7640CAEE-0574-484B-8B29-61FA3C6A7AA2}.Release|Any CPU.ActiveCfg = Release|Any CPU
		{7640CAEE-0574-484B-8B29-61FA3C6A7AA2}.Release|Any CPU.Build.0 = Release|Any CPU
		{03817DAA-3A3E-490F-B140-0CE1BA438ADA}.Debug|Any CPU.ActiveCfg = Debug|Any CPU
		{03817DAA-3A3E-490F-B140-0CE1BA438ADA}.Debug|Any CPU.Build.0 = Debug|Any CPU
		{03817DAA-3A3E-490F-B140-0CE1BA438ADA}.Release|Any CPU.ActiveCfg = Release|Any CPU
		{03817DAA-3A3E-490F-B140-0CE1BA438ADA}.Release|Any CPU.Build.0 = Release|Any CPU
		{9E840B6F-7F3E-40E5-AA03-25516861C222}.Debug|Any CPU.ActiveCfg = Debug|Any CPU
		{9E840B6F-7F3E-40E5-AA03-25516861C222}.Debug|Any CPU.Build.0 = Debug|Any CPU
		{9E840B6F-7F3E-40E5-AA03-25516861C222}.Release|Any CPU.ActiveCfg = Release|Any CPU
		{9E840B6F-7F3E-40E5-AA03-25516861C222}.Release|Any CPU.Build.0 = Release|Any CPU
		{904433C8-ECF7-44AD-8965-5E31E3090371}.Debug|Any CPU.ActiveCfg = Debug|Any CPU
		{904433C8-ECF7-44AD-8965-5E31E3090371}.Debug|Any CPU.Build.0 = Debug|Any CPU
		{904433C8-ECF7-44AD-8965-5E31E3090371}.Release|Any CPU.ActiveCfg = Release|Any CPU
		{904433C8-ECF7-44AD-8965-5E31E3090371}.Release|Any CPU.Build.0 = Release|Any CPU
		{932B7A4C-0BE0-4351-BEC7-A3B79412C5F0}.Debug|Any CPU.ActiveCfg = Debug|Any CPU
		{932B7A4C-0BE0-4351-BEC7-A3B79412C5F0}.Debug|Any CPU.Build.0 = Debug|Any CPU
		{932B7A4C-0BE0-4351-BEC7-A3B79412C5F0}.Release|Any CPU.ActiveCfg = Release|Any CPU
		{932B7A4C-0BE0-4351-BEC7-A3B79412C5F0}.Release|Any CPU.Build.0 = Release|Any CPU
		{6730997D-2729-47BC-A29A-D52D11B0FFBB}.Debug|Any CPU.ActiveCfg = Debug|Any CPU
		{6730997D-2729-47BC-A29A-D52D11B0FFBB}.Debug|Any CPU.Build.0 = Debug|Any CPU
		{6730997D-2729-47BC-A29A-D52D11B0FFBB}.Release|Any CPU.ActiveCfg = Release|Any CPU
		{6730997D-2729-47BC-A29A-D52D11B0FFBB}.Release|Any CPU.Build.0 = Release|Any CPU
	EndGlobalSection
	GlobalSection(SolutionProperties) = preSolution
		HideSolutionNode = FALSE
	EndGlobalSection
	GlobalSection(NestedProjects) = preSolution
		{2CA75ACD-6D48-4058-BE84-209EA82BB09C} = {F5EC4C8B-19DC-4F1E-8E91-2AC03BF8B024}
		{F2E8C0F1-36D6-4DCA-8531-29059B979C7D} = {F5EC4C8B-19DC-4F1E-8E91-2AC03BF8B024}
		{B7B22E25-0761-4C35-93A2-E36C3D6A6528} = {F5EC4C8B-19DC-4F1E-8E91-2AC03BF8B024}
		{50BA7267-BE25-4E14-9F23-9179D1409C2A} = {E77EB9A7-EECC-423C-B7D6-A806D8A20FBE}
		{D8E8EA2A-351F-4688-A8D6-F317739FB726} = {E77EB9A7-EECC-423C-B7D6-A806D8A20FBE}
		{38145ADB-6189-4A8D-B78D-2766BE87F826} = {E77EB9A7-EECC-423C-B7D6-A806D8A20FBE}
		{5D760EF3-9120-41E3-A7FC-0F8899C2B922} = {F5EC4C8B-19DC-4F1E-8E91-2AC03BF8B024}
		{CA1EC6F7-EB87-4FC4-B86C-72DF6FF6887E} = {11591DD6-C809-4790-B927-724512C10DDE}
		{FBC30FF4-C9C3-4E43-A4D0-C8A5251E90F3} = {11591DD6-C809-4790-B927-724512C10DDE}
		{A1F19630-15F0-4AFA-A7D8-1E93D63F3F73} = {11591DD6-C809-4790-B927-724512C10DDE}
		{8473E6D6-0467-4783-98D9-EA9FBD6A073D} = {11591DD6-C809-4790-B927-724512C10DDE}
		{718698E4-CA4A-4687-9D81-D9B8B58C612F} = {DF9D8089-2459-4CC8-B560-92990F3D7617}
		{7640CAEE-0574-484B-8B29-61FA3C6A7AA2} = {DF9D8089-2459-4CC8-B560-92990F3D7617}
		{03817DAA-3A3E-490F-B140-0CE1BA438ADA} = {DF9D8089-2459-4CC8-B560-92990F3D7617}
		{9E840B6F-7F3E-40E5-AA03-25516861C222} = {DF9D8089-2459-4CC8-B560-92990F3D7617}
		{904433C8-ECF7-44AD-8965-5E31E3090371} = {15448B28-870D-4B42-B726-86F4CD54CE3A}
		{932B7A4C-0BE0-4351-BEC7-A3B79412C5F0} = {E77EB9A7-EECC-423C-B7D6-A806D8A20FBE}
		{6730997D-2729-47BC-A29A-D52D11B0FFBB} = {F5EC4C8B-19DC-4F1E-8E91-2AC03BF8B024}
	EndGlobalSection
	GlobalSection(ExtensibilityGlobals) = postSolution
		SolutionGuid = {8E8E8FB9-5654-4ED7-84C2-ED8082B4B5E8}
	EndGlobalSection
EndGlobal
